PODS:
  - XYNavigationController (1.0.0)

DEPENDENCIES:
  - XYNavigationController (from `../`)

EXTERNAL SOURCES:
  XYNavigationController:
    :path: "../"

SPEC CHECKSUMS:
  XYNavigationController: 56aa692ff68981654627df5097ddb55d06befba5

PODFILE CHECKSUM: c51635d3331dfc846cfbcc3d173b660e2924e268

COCOAPODS: 1.10.2
